
Microsoft Visual Studio Solution File, Format Version 12.00
# Visual Studio Version 17
VisualStudioVersion = 17.5.002.0
MinimumVisualStudioVersion = 10.0.40219.1
Project("{9A19103F-16F7-4668-BE54-9A1E7A4F7556}") = "day3t2", "day3t2.csproj", "{F9DD5FDE-B8C4-4D94-8FE5-5E3AB379EB0C}"
EndProject
Global
	GlobalSection(SolutionConfigurationPlatforms) = preSolution
		Debug|Any CPU = Debug|Any CPU
		Release|Any CPU = Release|Any CPU
	EndGlobalSection
	GlobalSection(ProjectConfigurationPlatforms) = postSolution
		{F9DD5FDE-B8C4-4D94-8FE5-5E3AB379EB0C}.Debug|Any CPU.ActiveCfg = Debug|Any CPU
		{F9DD5FDE-B8C4-4D94-8FE5-5E3AB379EB0C}.Debug|Any CPU.Build.0 = Debug|Any CPU
		{F9DD5FDE-B8C4-4D94-8FE5-5E3AB379EB0C}.Release|Any CPU.ActiveCfg = Release|Any CPU
		{F9DD5FDE-B8C4-4D94-8FE5-5E3AB379EB0C}.Release|Any CPU.Build.0 = Release|Any CPU
	EndGlobalSection
	GlobalSection(SolutionProperties) = preSolution
		HideSolutionNode = FALSE
	EndGlobalSection
	GlobalSection(ExtensibilityGlobals) = postSolution
		SolutionGuid = {305C6C12-FFC3-40DD-9711-9227A9DC2FC5}
	EndGlobalSection
EndGlobal
